
Microsoft Visual Studio Solution File, Format Version 12.00
# Visual Studio Version 16
VisualStudioVersion = 16.0.32106.194
MinimumVisualStudioVersion = 10.0.40219.1
Project("{FAE04EC0-301F-11D3-BF4B-00C04F79EFBC}") = "Exercise - Classes", "Exercise - Classes.csproj", "{2BF58016-C5C8-4140-9729-5C4E916DA96B}"
EndProject
Global
	GlobalSection(SolutionConfigurationPlatforms) = preSolution
		Debug|Any CPU = Debug|Any CPU
		Release|Any CPU = Release|Any CPU
	EndGlobalSection
	GlobalSection(ProjectConfigurationPlatforms) = postSolution
		{2BF58016-C5C8-4140-9729-5C4E916DA96B}.Debug|Any CPU.ActiveCfg = Debug|Any CPU
		{2BF58016-C5C8-4140-9729-5C4E916DA96B}.Debug|Any CPU.Build.0 = Debug|Any CPU
		{2BF58016-C5C8-4140-9729-5C4E916DA96B}.Release|Any CPU.ActiveCfg = Release|Any CPU
		{2BF58016-C5C8-4140-9729-5C4E916DA96B}.Release|Any CPU.Build.0 = Release|Any CPU
	EndGlobalSection
	GlobalSection(SolutionProperties) = preSolution
		HideSolutionNode = FALSE
	EndGlobalSection
	GlobalSection(ExtensibilityGlobals) = postSolution
		SolutionGuid = {95C2E462-A76E-4C9F-BCE7-EFFEE56ED042}
	EndGlobalSection
EndGlobal
